
Microsoft Visual Studio Solution File, Format Version 12.00
# Visual Studio Version 17
VisualStudioVersion = 17.0.32014.148
MinimumVisualStudioVersion = 10.0.40219.1
Project("{FAE04EC0-301F-11D3-BF4B-00C04F79EFBC}") = "Scripter", "Scripter\Scripter.csproj", "{ABEC2CFA-21F3-42C3-83C0-145905C0500D}"
EndProject
Global
	GlobalSection(SolutionConfigurationPlatforms) = preSolution
		Debug|Any CPU = Debug|Any CPU
		Release|Any CPU = Release|Any CPU
	EndGlobalSection
	GlobalSection(ProjectConfigurationPlatforms) = postSolution
		{ABEC2CFA-21F3-42C3-83C0-145905C0500D}.Debug|Any CPU.ActiveCfg = Debug|Any CPU
		{ABEC2CFA-21F3-42C3-83C0-145905C0500D}.Debug|Any CPU.Build.0 = Debug|Any CPU
		{ABEC2CFA-21F3-42C3-83C0-145905C0500D}.Release|Any CPU.ActiveCfg = Release|Any CPU
		{ABEC2CFA-21F3-42C3-83C0-145905C0500D}.Release|Any CPU.Build.0 = Release|Any CPU
	EndGlobalSection
	GlobalSection(SolutionProperties) = preSolution
		HideSolutionNode = FALSE
	EndGlobalSection
	GlobalSection(ExtensibilityGlobals) = postSolution
		SolutionGuid = {B0ED63BA-9FB0-4D56-82B5-A4C06CA5CDB4}
	EndGlobalSection
EndGlobal
